
Microsoft Visual Studio Solution File, Format Version 12.00
# Visual Studio Version 17
VisualStudioVersion = 17.10.35122.118
MinimumVisualStudioVersion = 10.0.40219.1
Project("{FAE04EC0-301F-11D3-BF4B-00C04F79EFBC}") = "vettech", "vettech.csproj", "{B17FF119-8592-4EB7-A09E-5732AAFC125D}"
EndProject
Global
	GlobalSection(SolutionConfigurationPlatforms) = preSolution
		Debug|Any CPU = Debug|Any CPU
		Release|Any CPU = Release|Any CPU
	EndGlobalSection
	GlobalSection(ProjectConfigurationPlatforms) = postSolution
		{B17FF119-8592-4EB7-A09E-5732AAFC125D}.Debug|Any CPU.ActiveCfg = Debug|Any CPU
		{B17FF119-8592-4EB7-A09E-5732AAFC125D}.Debug|Any CPU.Build.0 = Debug|Any CPU
		{B17FF119-8592-4EB7-A09E-5732AAFC125D}.Release|Any CPU.ActiveCfg = Release|Any CPU
		{B17FF119-8592-4EB7-A09E-5732AAFC125D}.Release|Any CPU.Build.0 = Release|Any CPU
	EndGlobalSection
	GlobalSection(SolutionProperties) = preSolution
		HideSolutionNode = FALSE
	EndGlobalSection
	GlobalSection(ExtensibilityGlobals) = postSolution
		SolutionGuid = {76DB53EB-2407-450E-B1E6-E9BF575F251A}
	EndGlobalSection
EndGlobal
